// !$*UTF8*$!
{
	archiveVersion = 1;
	classes = {
	};
	objectVersion = 48;
	objects = {

/* Begin PBXBuildFile section */
		CDC63A17200A5A6A0091FBC1 /* AppDelegate.swift in Sources */ = {isa = PBXBuildFile; fileRef = CDC63A16200A5A6A0091FBC1 /* AppDelegate.swift */; };
		CDC63A19200A5A6A0091FBC1 /* ViewController.swift in Sources */ = {isa = PBXBuildFile; fileRef = CDC63A18200A5A6A0091FBC1 /* ViewController.swift */; };
		CDC63A1C200A5A6A0091FBC1 /* Main.storyboard in Resources */ = {isa = PBXBuildFile; fileRef = CDC63A1A200A5A6A0091FBC1 /* Main.storyboard */; };
		CDC63A1E200A5A6A0091FBC1 /* Assets.xcassets in Resources */ = {isa = PBXBuildFile; fileRef = CDC63A1D200A5A6A0091FBC1 /* Assets.xcassets */; };
		CDC63A21200A5A6A0091FBC1 /* LaunchScreen.storyboard in Resources */ = {isa = PBXBuildFile; fileRef = CDC63A1F200A5A6A0091FBC1 /* LaunchScreen.storyboard */; };
/* End PBXBuildFile section */

/* Begin PBXFileReference section */
		CDC63A13200A5A6A0091FBC1 /* GuessingGame.app */ = {isa = PBXFileReference; explicitFileType = wrapper.application; includeInIndex = 0; path = GuessingGame.app; sourceTree = BUILT_PRODUCTS_DIR; };
		CDC63A16200A5A6A0091FBC1 /* AppDelegate.swift */ = {isa = PBXFileReference; lastKnownFileType = sourcecode.swift; path = AppDelegate.swift; sourceTree = "<group>"; };
		CDC63A18200A5A6A0091FBC1 /* ViewController.swift */ = {isa = PBXFileReference; lastKnownFileType = sourcecode.swift; path = ViewController.swift; sourceTree = "<group>"; };
		CDC63A1B200A5A6A0091FBC1 /* Base */ = {isa = PBXFileReference; lastKnownFileType = file.storyboard; name = Base; path = Base.lproj/Main.storyboard; sourceTree = "<group>"; };
		CDC63A1D200A5A6A0091FBC1 /* Assets.xcassets */ = {isa = PBXFileReference; lastKnownFileType = folder.assetcatalog; path = Assets.xcassets; sourceTree = "<group>"; };
		CDC63A20200A5A6A0091FBC1 /* Base */ = {isa = PBXFileReference; lastKnownFileType = file.storyboard; name = Base; path = Base.lproj/LaunchScreen.storyboard; sourceTree = "<group>"; };
		CDC63A22200A5A6A0091FBC1 /* Info.plist */ = {isa = PBXFileReference; lastKnownFileType = text.plist.xml; path = Info.plist; sourceTree = "<group>"; };
/* End PBXFileReference section */

/* Begin PBXFrameworksBuildPhase section */
		CDC63A10200A5A6A0091FBC1 /* Frameworks */ = {
			isa = PBXFrameworksBuildPhase;
			buildActionMask = 2147483647;
			files = (
			);
			runOnlyForDeploymentPostprocessing = 0;
		};
/* End PBXFrameworksBuildPhase section */

/* Begin PBXGroup section */
		CDC63A0A200A5A6A0091FBC1 = {
			isa = PBXGroup;
			children = (
				CDC63A15200A5A6A0091FBC1 /* GuessingGame */,
				CDC63A14200A5A6A0091FBC1 /* Products */,
			);
			sourceTree = "<group>";
		};
		CDC63A14200A5A6A0091FBC1 /* Products */ = {
			isa = PBXGroup;
			children = (
				CDC63A13200A5A6A0091FBC1 /* GuessingGame.app */,
			);
			name = Products;
			sourceTree = "<group>";
		};
		CDC63A15200A5A6A0091FBC1 /* GuessingGame */ = {
			isa = PBXGroup;
			children = (
				CDC63A16200A5A6A0091FBC1 /* AppDelegate.swift */,
				CDC63A18200A5A6A0091FBC1 /* ViewController.swift */,
				CDC63A1A200A5A6A0091FBC1 /* Main.storyboard */,
				CDC63A1D200A5A6A0091FBC1 /* Assets.xcassets */,
				CDC63A1F200A5A6A0091FBC1 /* LaunchScreen.storyboard */,
				CDC63A22200A5A6A0091FBC1 /* Info.plist */,
			);
			path = GuessingGame;
			sourceTree = "<group>";
		};
/* End PBXGroup section */

/* Begin PBXNativeTarget section */
		CDC63A12200A5A6A0091FBC1 /* GuessingGame */ = {
			isa = PBXNativeTarget;
			buildConfigurationList = CDC63A25200A5A6A0091FBC1 /* Build configuration list for PBXNativeTarget "GuessingGame" */;
			buildPhases = (
				CDC63A0F200A5A6A0091FBC1 /* Sources */,
				CDC63A10200A5A6A0091FBC1 /* Frameworks */,
				CDC63A11200A5A6A0091FBC1 /* Resources */,
			);
			buildRules = (
			);
			dependencies = (
			);
			name = GuessingGame;
			productName = GuessingGame;
			productReference = CDC63A13200A5A6A0091FBC1 /* GuessingGame.app */;
			productType = "com.apple.product-type.application";
		};
/* End PBXNativeTarget section */

/* Begin PBXProject section */
		CDC63A0B200A5A6A0091FBC1 /* Project object */ = {
			isa = PBXProject;
			attributes = {
				LastSwiftUpdateCheck = 0920;
				LastUpgradeCheck = 0920;
				ORGANIZATIONNAME = "Gao, Kevin";
				TargetAttributes = {
					CDC63A12200A5A6A0091FBC1 = {
						CreatedOnToolsVersion = 9.2;
						ProvisioningStyle = Automatic;
					};
				};
			};
			buildConfigurationList = CDC63A0E200A5A6A0091FBC1 /* Build configuration list for PBXProject "GuessingGame" */;
			compatibilityVersion = "Xcode 8.0";
			developmentRegion = en;
			hasScannedForEncodings = 0;
			knownRegions = (
				en,
				Base,
			);
			mainGroup = CDC63A0A200A5A6A0091FBC1;
			productRefGroup = CDC63A14200A5A6A0091FBC1 /* Products */;
			projectDirPath = "";
			projectRoot = "";
			targets = (
				CDC63A12200A5A6A0091FBC1 /* GuessingGame */,
			);
		};
/* End PBXProject section */

/* Begin PBXResourcesBuildPhase section */
		CDC63A11200A5A6A0091FBC1 /* Resources */ = {
			isa = PBXResourcesBuildPhase;
			buildActionMask = 2147483647;
			files = (
				CDC63A21200A5A6A0091FBC1 /* LaunchScreen.storyboard in Resources */,
				CDC63A1E200A5A6A0091FBC1 /* Assets.xcassets in Resources */,
				CDC63A1C200A5A6A0091FBC1 /* Main.storyboard in Resources */,
			);
			runOnlyForDeploymentPostprocessing = 0;
		};
/* End PBXResourcesBuildPhase section */

/* Begin PBXSourcesBuildPhase section */
		CDC63A0F200A5A6A0091FBC1 /* Sources */ = {
			isa = PBXSourcesBuildPhase;
			buildActionMask = 2147483647;
			files = (
				CDC63A19200A5A6A0091FBC1 /* ViewController.swift in Sources */,
				CDC63A17200A5A6A0091FBC1 /* AppDelegate.swift in Sources */,
			);
			runOnlyForDeploymentPostprocessing = 0;
		};
/* End PBXSourcesBuildPhase section */

/* Begin PBXVariantGroup section */
		CDC63A1A200A5A6A0091FBC1 /* Main.storyboard */ = {
			isa = PBXVariantGroup;
			children = (
				CDC63A1B200A5A6A0091FBC1 /* Base */,
			);
			name = Main.storyboard;
			sourceTree = "<group>";
		};
		CDC63A1F200A5A6A0091FBC1 /* LaunchScreen.storyboard */ = {
			isa = PBXVariantGroup;
			children = (
				CDC63A20200A5A6A0091FBC1 /* Base */,
			);
			name = LaunchScreen.storyboard;
			sourceTree = "<group>";
		};
/* End PBXVariantGroup section */

/* Begin XCBuildConfiguration section */
		CDC63A23200A5A6A0091FBC1 /* Debug */ = {
			isa = XCBuildConfiguration;
			buildSettings = {
				ALWAYS_SEARCH_USER_PATHS = NO;
				CLANG_ANALYZER_NONNULL = YES;
				CLANG_ANALYZER_NUMBER_OBJECT_CONVERSION = YES_AGGRESSIVE;
				CLANG_CXX_LANGUAGE_STANDARD = "gnu++14";
				CLANG_CXX_LIBRARY = "libc++";
				CLANG_ENABLE_MODULES = YES;
				CLANG_ENABLE_OBJC_ARC = YES;
				CLANG_WARN_BLOCK_CAPTURE_AUTORELEASING = YES;
				CLANG_WARN_BOOL_CONVERSION = YES;
				CLANG_WARN_COMMA = YES;
				CLANG_WARN_CONSTANT_CONVERSION = YES;
				CLANG_WARN_DIRECT_OBJC_ISA_USAGE = YES_ERROR;
				CLANG_WARN_DOCUMENTATION_COMMENTS = YES;
				CLANG_WARN_EMPTY_BODY = YES;
				CLANG_WARN_ENUM_CONVERSION = YES;
				CLANG_WARN_INFINITE_RECURSION = YES;
				CLANG_WARN_INT_CONVERSION = YES;
				CLANG_WARN_NON_LITERAL_NULL_CONVERSION = YES;
				CLANG_WARN_OBJC_LITERAL_CONVERSION = YES;
				CLANG_WARN_OBJC_ROOT_CLASS = YES_ERROR;
				CLANG_WARN_RANGE_LOOP_ANALYSIS = YES;
				CLANG_WARN_STRICT_PROTOTYPES = YES;
				CLANG_WARN_SUSPICIOUS_MOVE = YES;
				CLANG_WARN_UNGUARDED_AVAILABILITY = YES_AGGRESSIVE;
				CLANG_WARN_UNREACHABLE_CODE = YES;
				CLANG_WARN__DUPLICATE_METHOD_MATCH = YES;
				CODE_SIGN_IDENTITY = "iPhone Developer";
				COPY_PHASE_STRIP = NO;
				DEBUG_INFORMATION_FORMAT = dwarf;
				ENABLE_STRICT_OBJC_MSGSEND = YES;
				ENABLE_TESTABILITY = YES;
				GCC_C_LANGUAGE_STANDARD = gnu11;
				GCC_DYNAMIC_NO_PIC = NO;
				GCC_NO_COMMON_BLOCKS = YES;
				GCC_OPTIMIZATION_LEVEL = 0;
				GCC_PREPROCESSOR_DEFINITIONS = (
					"DEBUG=1",
					"$(inherited)",
				);
				GCC_WARN_64_TO_32_BIT_CONVERSION = YES;
				GCC_WARN_ABOUT_RETURN_TYPE = YES_ERROR;
				GCC_WARN_UNDECLARED_SELECTOR = YES;
				GCC_WARN_UNINITIALIZED_AUTOS = YES_AGGRESSIVE;
				GCC_WARN_UNUSED_FUNCTION = YES;
				GCC_WARN_UNUSED_VARIABLE = YES;
				IPHONEOS_DEPLOYMENT_TARGET = 11.2;
				MTL_ENABLE_DEBUG_INFO = YES;
				ONLY_ACTIVE_ARCH = YES;
				SDKROOT = iphoneos;
				SWIFT_ACTIVE_COMPILATION_CONDITIONS = DEBUG;
				SWIFT_OPTIMIZATION_LEVEL = "-Onone";
			};
			name = Debug;
		};
		CDC63A24200A5A6A0091FBC1 /* Release */ = {
			isa = XCBuildConfiguration;
			buildSettings = {
				ALWAYS_SEARCH_USER_PATHS = NO;
				CLANG_ANALYZER_NONNULL = YES;
				CLANG_ANALYZER_NUMBER_OBJECT_CONVERSION = YES_AGGRESSIVE;
				CLANG_CXX_LANGUAGE_STANDARD = "gnu++14";
				CLANG_CXX_LIBRARY = "libc++";
				CLANG_ENABLE_MODULES = YES;
				CLANG_ENABLE_OBJC_ARC = YES;
				CLANG_WARN_BLOCK_CAPTURE_AUTORELEASING = YES;
				CLANG_WARN_BOOL_CONVERSION = YES;
				CLANG_WARN_COMMA = YES;
				CLANG_WARN_CONSTANT_CONVERSION = YES;
				CLANG_WARN_DIRECT_OBJC_ISA_USAGE = YES_ERROR;
				CLANG_WARN_DOCUMENTATION_COMMENTS = YES;
				CLANG_WARN_EMPTY_BODY = YES;
				CLANG_WARN_ENUM_CONVERSION = YES;
				CLANG_WARN_INFINITE_RECURSION = YES;
				CLANG_WARN_INT_CONVERSION = YES;
				CLANG_WARN_NON_LITERAL_NULL_CONVERSION = YES;
				CLANG_WARN_OBJC_LITERAL_CONVERSION = YES;
				CLANG_WARN_OBJC_ROOT_CLASS = YES_ERROR;
				CLANG_WARN_RANGE_LOOP_ANALYSIS = YES;
				CLANG_WARN_STRICT_PROTOTYPES = YES;
				CLANG_WARN_SUSPICIOUS_MOVE = YES;
				CLANG_WARN_UNGUARDED_AVAILABILITY = YES_AGGRESSIVE;
				CLANG_WARN_UNREACHABLE_CODE = YES;
				CLANG_WARN__DUPLICATE_METHOD_MATCH = YES;
				CODE_SIGN_IDENTITY = "iPhone Developer";
				COPY_PHASE_STRIP = NO;
				DEBUG_INFORMATION_FORMAT = "dwarf-with-dsym";
				ENABLE_NS_ASSERTIONS = NO;
				ENABLE_STRICT_OBJC_MSGSEND = YES;
				GCC_C_LANGUAGE_STANDARD = gnu11;
				GCC_NO_COMMON_BLOCKS = YES;
				GCC_WARN_64_TO_32_BIT_CONVERSION = YES;
				GCC_WARN_ABOUT_RETURN_TYPE = YES_ERROR;
				GCC_WARN_UNDECLARED_SELECTOR = YES;
				GCC_WARN_UNINITIALIZED_AUTOS = YES_AGGRESSIVE;
				GCC_WARN_UNUSED_FUNCTION = YES;
				GCC_WARN_UNUSED_VARIABLE = YES;
				IPHONEOS_DEPLOYMENT_TARGET = 11.2;
				MTL_ENABLE_DEBUG_INFO = NO;
				SDKROOT = iphoneos;
				SWIFT_OPTIMIZATION_LEVEL = "-Owholemodule";
				VALIDATE_PRODUCT = YES;
			};
			name = Release;
		};
		CDC63A26200A5A6A0091FBC1 /* Debug */ = {
			isa = XCBuildConfiguration;
			buildSettings = {
				ASSETCATALOG_COMPILER_APPICON_NAME = AppIcon;
				CODE_SIGN_STYLE = Automatic;
				INFOPLIST_FILE = GuessingGame/Info.plist;
				LD_RUNPATH_SEARCH_PATHS = "$(inherited) @executable_path/Frameworks";
				PRODUCT_BUNDLE_IDENTIFIER = ca.on.lcs.kevin.gao.GuessingGame;
				PRODUCT_NAME = "$(TARGET_NAME)";
				SWIFT_VERSION = 4.0;
				TARGETED_DEVICE_FAMILY = "1,2";
			};
			name = Debug;
		};
		CDC63A27200A5A6A0091FBC1 /* Release */ = {
			isa = XCBuildConfiguration;
			buildSettings = {
				ASSETCATALOG_COMPILER_APPICON_NAME = AppIcon;
				CODE_SIGN_STYLE = Automatic;
				INFOPLIST_FILE = GuessingGame/Info.plist;
				LD_RUNPATH_SEARCH_PATHS = "$(inherited) @executable_path/Frameworks";
				PRODUCT_BUNDLE_IDENTIFIER = ca.on.lcs.kevin.gao.GuessingGame;
				PRODUCT_NAME = "$(TARGET_NAME)";
				SWIFT_VERSION = 4.0;
				TARGETED_DEVICE_FAMILY = "1,2";
			};
			name = Release;
		};
/* End XCBuildConfiguration section */

/* Begin XCConfigurationList section */
		CDC63A0E200A5A6A0091FBC1 /* Build configuration list for PBXProject "GuessingGame" */ = {
			isa = XCConfigurationList;
			buildConfigurations = (
				CDC63A23200A5A6A0091FBC1 /* Debug */,
				CDC63A24200A5A6A0091FBC1 /* Release */,
			);
			defaultConfigurationIsVisible = 0;
			defaultConfigurationName = Release;
		};
		CDC63A25200A5A6A0091FBC1 /* Build configuration list for PBXNativeTarget "GuessingGame" */ = {
			isa = XCConfigurationList;
			buildConfigurations = (
				CDC63A26200A5A6A0091FBC1 /* Debug */,
				CDC63A27200A5A6A0091FBC1 /* Release */,
			);
			defaultConfigurationIsVisible = 0;
			defaultConfigurationName = Release;
		};
/* End XCConfigurationList section */
	};
	rootObject = CDC63A0B200A5A6A0091FBC1 /* Project object */;
}
